{
  "name": "sequelize-migration-wrapper",
  "version": "1.0.0",
  "lockfileVersion": 1,
  "requires": true,
  "dependencies": {
    "@types/bluebird": {
      "version": "3.5.32",
      "resolved": "https://registry.npmjs.org/@types/bluebird/-/bluebird-3.5.32.tgz",
      "integrity": "sha512-dIOxFfI0C+jz89g6lQ+TqhGgPQ0MxSnh/E4xuC0blhFtyW269+mPG5QeLgbdwst/LvdP8o1y0o/Gz5EHXLec/g==",
      "dev": true
    },
    "@types/bson": {
      "version": "4.0.2",
      "resolved": "https://registry.npmjs.org/@types/bson/-/bson-4.0.2.tgz",
      "integrity": "sha512-+uWmsejEHfmSjyyM/LkrP0orfE2m5Mx9Xel4tXNeqi1ldK5XMQcDsFkBmLDtuyKUbxj2jGDo0H240fbCRJZo7Q==",
      "dev": true,
      "requires": {
        "@types/node": "*"
      }
    },
    "@types/continuation-local-storage": {
      "version": "3.2.2",
      "resolved": "https://registry.npmjs.org/@types/continuation-local-storage/-/continuation-local-storage-3.2.2.tgz",
      "integrity": "sha512-aItm+aYPJ4rT1cHmAxO+OdWjSviQ9iB5UKb5f0Uvgln0N4hS2mcDodHtPiqicYBXViUYhqyBjhA5uyOcT+S34Q==",
      "dev": true,
      "requires": {
        "@types/node": "*"
      }
    },
    "@types/lodash": {
      "version": "4.14.160",
      "resolved": "https://registry.npmjs.org/@types/lodash/-/lodash-4.14.160.tgz",
      "integrity": "sha512-aP03BShJoO+WVndoVj/WNcB/YBPt+CIU1mvaao2GRAHy2yg4pT/XS4XnVHEQBjPJGycWf/9seKEO9vopTJGkvA==",
      "dev": true
    },
    "@types/mongodb": {
      "version": "3.5.26",
      "resolved": "https://registry.npmjs.org/@types/mongodb/-/mongodb-3.5.26.tgz",
      "integrity": "sha512-p0X2VJgIBNHfNBdZdzzG8eQ/3bf6mQoXDT0UhVyVEdSzXEa1+2pFcwGvEZp72sjztyBwfRKlgrXMjCVavLcuGg==",
      "dev": true,
      "requires": {
        "@types/bson": "*",
        "@types/node": "*"
      }
    },
    "@types/node": {
      "version": "14.6.1",
      "resolved": "https://registry.npmjs.org/@types/node/-/node-14.6.1.tgz",
      "integrity": "sha512-HnYlg/BRF8uC1FyKRFZwRaCPTPYKa+6I8QiUZFLredaGOou481cgFS4wKRFyKvQtX8xudqkSdBczJHIYSQYKrQ==",
      "dev": true
    },
    "@types/sequelize": {
      "version": "4.28.9",
      "resolved": "https://registry.npmjs.org/@types/sequelize/-/sequelize-4.28.9.tgz",
      "integrity": "sha512-QqYgkw/2fEc0FyEQejnxM7cHKB8XBV3Y69k7GSFOToQBOXos0PJVqNpgROXZddXIkl2d6zicYssHuy75ws84sw==",
      "dev": true,
      "requires": {
        "@types/bluebird": "*",
        "@types/continuation-local-storage": "*",
        "@types/lodash": "*",
        "@types/validator": "*"
      }
    },
    "@types/umzug": {
      "version": "2.2.3",
      "resolved": "https://registry.npmjs.org/@types/umzug/-/umzug-2.2.3.tgz",
      "integrity": "sha512-mJ6xv5FR5KNa5yL4j3Q7/jLyzb3K5MMmqzUcQg/jekmvPH/g1/wraSMAu7JsEDWxXXgZcXw7rJgeZ6adWrvImg==",
      "dev": true,
      "requires": {
        "@types/mongodb": "*",
        "@types/sequelize": "*"
      }
    },
    "@types/validator": {
      "version": "13.1.0",
      "resolved": "https://registry.npmjs.org/@types/validator/-/validator-13.1.0.tgz",
      "integrity": "sha512-gHUHI6pJaANIO2r6WcbT7+WMgbL9GZooR4tWpuBOETpDIqFNxwaJluE+6rj6VGYe8k6OkfhbHz2Fkm8kl06Igw==",
      "dev": true
    },
    "bluebird": {
      "version": "3.7.2",
      "resolved": "https://registry.npmjs.org/bluebird/-/bluebird-3.7.2.tgz",
      "integrity": "sha512-XpNj6GDQzdfW+r2Wnn7xiSAd7TM3jzkxGXBGTtWKuSXv1xUV+azxAm8jdWZN06QTQk+2N2XB9jRDkvbmQmcRtg=="
    },
    "typescript": {
      "version": "4.0.2",
      "resolved": "https://registry.npmjs.org/typescript/-/typescript-4.0.2.tgz",
      "integrity": "sha512-e4ERvRV2wb+rRZ/IQeb3jm2VxBsirQLpQhdxplZ2MEzGvDkkMmPglecnNDfSUBivMjP93vRbngYYDQqQ/78bcQ==",
      "dev": true
    },
    "umzug": {
      "version": "2.3.0",
      "resolved": "https://registry.npmjs.org/umzug/-/umzug-2.3.0.tgz",
      "integrity": "sha512-Z274K+e8goZK8QJxmbRPhl89HPO1K+ORFtm6rySPhFKfKc5GHhqdzD0SGhSWHkzoXasqJuItdhorSvY7/Cgflw==",
      "requires": {
        "bluebird": "^3.7.2"
      }
    }
  }
}
